
Microsoft Visual Studio Solution File, Format Version 12.00
# Visual Studio Version 17
VisualStudioVersion = 17.0.31912.275
MinimumVisualStudioVersion = 10.0.40219.1
Project("{FAE04EC0-301F-11D3-BF4B-00C04F79EFBC}") = "DataAccess", "DataAccess\DataAccess.csproj", "{00378C8C-384D-43AA-BCC4-1265862B235C}"
EndProject
Project("{FAE04EC0-301F-11D3-BF4B-00C04F79EFBC}") = "Business", "Business\Business.csproj", "{CC63CBB3-EFCB-4C7A-88A4-3AAAA552CAE1}"
EndProject
Project("{FAE04EC0-301F-11D3-BF4B-00C04F79EFBC}") = "ConsoleUI", "ConsoleUI\ConsoleUI.csproj", "{2EBFDF69-482B-49AF-B687-C2AD78D7F320}"
EndProject
Project("{FAE04EC0-301F-11D3-BF4B-00C04F79EFBC}") = "Entities", "Entity\Entities.csproj", "{BCC7ED0A-CB41-4372-9536-6F8016CEA9EB}"
EndProject
Global
	GlobalSection(SolutionConfigurationPlatforms) = preSolution
		Debug|Any CPU = Debug|Any CPU
		Release|Any CPU = Release|Any CPU
	EndGlobalSection
	GlobalSection(ProjectConfigurationPlatforms) = postSolution
		{00378C8C-384D-43AA-BCC4-1265862B235C}.Debug|Any CPU.ActiveCfg = Debug|Any CPU
		{00378C8C-384D-43AA-BCC4-1265862B235C}.Debug|Any CPU.Build.0 = Debug|Any CPU
		{00378C8C-384D-43AA-BCC4-1265862B235C}.Release|Any CPU.ActiveCfg = Release|Any CPU
		{00378C8C-384D-43AA-BCC4-1265862B235C}.Release|Any CPU.Build.0 = Release|Any CPU
		{CC63CBB3-EFCB-4C7A-88A4-3AAAA552CAE1}.Debug|Any CPU.ActiveCfg = Debug|Any CPU
		{CC63CBB3-EFCB-4C7A-88A4-3AAAA552CAE1}.Debug|Any CPU.Build.0 = Debug|Any CPU
		{CC63CBB3-EFCB-4C7A-88A4-3AAAA552CAE1}.Release|Any CPU.ActiveCfg = Release|Any CPU
		{CC63CBB3-EFCB-4C7A-88A4-3AAAA552CAE1}.Release|Any CPU.Build.0 = Release|Any CPU
		{2EBFDF69-482B-49AF-B687-C2AD78D7F320}.Debug|Any CPU.ActiveCfg = Debug|Any CPU
		{2EBFDF69-482B-49AF-B687-C2AD78D7F320}.Debug|Any CPU.Build.0 = Debug|Any CPU
		{2EBFDF69-482B-49AF-B687-C2AD78D7F320}.Release|Any CPU.ActiveCfg = Release|Any CPU
		{2EBFDF69-482B-49AF-B687-C2AD78D7F320}.Release|Any CPU.Build.0 = Release|Any CPU
		{BCC7ED0A-CB41-4372-9536-6F8016CEA9EB}.Debug|Any CPU.ActiveCfg = Debug|Any CPU
		{BCC7ED0A-CB41-4372-9536-6F8016CEA9EB}.Debug|Any CPU.Build.0 = Debug|Any CPU
		{BCC7ED0A-CB41-4372-9536-6F8016CEA9EB}.Release|Any CPU.ActiveCfg = Release|Any CPU
		{BCC7ED0A-CB41-4372-9536-6F8016CEA9EB}.Release|Any CPU.Build.0 = Release|Any CPU
	EndGlobalSection
	GlobalSection(SolutionProperties) = preSolution
		HideSolutionNode = FALSE
	EndGlobalSection
	GlobalSection(ExtensibilityGlobals) = postSolution
		SolutionGuid = {45045C42-9FD2-4B08-88E3-13D86EA59D44}
	EndGlobalSection
EndGlobal
